{
    "_readme": [
        "This file locks the dependencies of your project to a known state",
        "Read more about it at https://getcomposer.org/doc/01-basic-usage.md#composer-lock-the-lock-file",
        "This file is @generated automatically"
    ],
    "hash": "f70d24f0af8f8bb0ec7ae41697ede769",
    "content-hash": "d4695e20acd63169e3c02163a89dabcf",
    "packages": [
        {
            "name": "nette/tokenizer",
            "version": "v2.2.1",
            "source": {
                "type": "git",
                "url": "https://github.com/nette/tokenizer.git",
                "reference": "cbb4920d166af495f83eb213f16512a421d44f63"
            },
            "dist": {
                "type": "zip",
                "url": "https://api.github.com/repos/nette/tokenizer/zipball/cbb4920d166af495f83eb213f16512a421d44f63",
                "reference": "cbb4920d166af495f83eb213f16512a421d44f63",
                "shasum": ""
            },
            "require": {
                "php": ">=5.3.1"
            },
            "conflict": {
                "nette/nette": "<2.2"
            },
            "require-dev": {
                "nette/tester": "~1.0"
            },
            "type": "library",
            "autoload": {
                "classmap": [
                    "src/"
                ]
            },
            "notification-url": "https://packagist.org/downloads/",
            "license": [
                "BSD-3-Clause",
                "GPL-2.0",
                "GPL-3.0"
            ],
            "authors": [
                {
                    "name": "David Grudl",
                    "homepage": "http://davidgrudl.com"
                },
                {
                    "name": "Nette Community",
                    "homepage": "http://nette.org/contributors"
                }
            ],
            "description": "Nette Tokenizer",
            "homepage": "http://nette.org",
            "time": "2015-07-11 21:24:02"
        },
        {
            "name": "nette/utils",
            "version": "v2.3.7",
            "source": {
                "type": "git",
                "url": "https://github.com/nette/utils.git",
                "reference": "6f1ed73088c28a24acc9657ca14b3418a270e24b"
            },
            "dist": {
                "type": "zip",
                "url": "https://api.github.com/repos/nette/utils/zipball/6f1ed73088c28a24acc9657ca14b3418a270e24b",
                "reference": "6f1ed73088c28a24acc9657ca14b3418a270e24b",
                "shasum": ""
            },
            "require": {
                "php": ">=5.3.1"
            },
            "conflict": {
                "nette/nette": "<2.2"
            },
            "require-dev": {
                "nette/tester": "~1.0"
            },
            "suggest": {
                "ext-gd": "to use Image",
                "ext-iconv": "to use Strings::webalize() and toAscii()",
                "ext-intl": "for script transliteration in Strings::webalize() and toAscii()",
                "ext-mbstring": "to use Strings::lower() etc..."
            },
            "type": "library",
            "autoload": {
                "classmap": [
                    "src/"
                ]
            },
            "notification-url": "https://packagist.org/downloads/",
            "license": [
                "BSD-3-Clause",
                "GPL-2.0",
                "GPL-3.0"
            ],
            "authors": [
                {
                    "name": "David Grudl",
                    "homepage": "https://davidgrudl.com"
                },
                {
                    "name": "Nette Community",
                    "homepage": "https://nette.org/contributors"
                }
            ],
            "description": "Nette Utility Classes",
            "homepage": "https://nette.org",
            "time": "2015-11-30 00:11:35"
        }
    ],
    "packages-dev": [],
    "aliases": [],
    "minimum-stability": "stable",
    "stability-flags": [],
    "prefer-stable": false,
    "prefer-lowest": false,
    "platform": [],
    "platform-dev": []
}
